dependencies:
  espressif/led_strip:
    component_hash: f907c58f722c58ab8545366668cfd8769cefb7d97a631a14e9d16234cc72bdff
    dependencies:
    - name: idf
      require: private
      version: '>=5.0'
    source:
      registry_url: https://components.espressif.com/
      type: service
    version: 3.0.0
  idf:
    source:
      type: idf
    version: 5.4.0
  zorxx/rtci2c:
    component_hash: 17309b88bab4c866dae26634db8f3d8c4c8932be41f6dfddf11ab61be3cf7385
    dependencies: []
    source:
      registry_url: https://components.espressif.com/
      type: service
    version: 1.3.0
direct_dependencies:
- espressif/led_strip
- idf
- zorxx/rtci2c
manifest_hash: 5a63d57ab6df771d3e351a88cdc807692be2d0c0be8d11c766d983e35003ec69
target: esp32
version: 2.0.0
